
Microsoft Visual Studio Solution File, Format Version 12.00
# Visual Studio Version 16
VisualStudioVersion = 16.0.30503.244
MinimumVisualStudioVersion = 10.0.40219.1
Project("{9A19103F-16F7-4668-BE54-9A1E7A4F7556}") = "ActiveGamesAPI", "ActiveGamesAPI\ActiveGamesAPI.csproj", "{E6813B58-16E0-4439-AD2E-3BD4DC459FEB}"
EndProject
Project("{FAE04EC0-301F-11D3-BF4B-00C04F79EFBC}") = "ActiveGamesAPI.Tests", "ActiveGamesAPI.Tests\ActiveGamesAPI.Tests.csproj", "{A703FD67-5C8F-4593-B2C0-8D766C1F32EE}"
EndProject
Global
	GlobalSection(SolutionConfigurationPlatforms) = preSolution
		Debug|Any CPU = Debug|Any CPU
		Release|Any CPU = Release|Any CPU
	EndGlobalSection
	GlobalSection(ProjectConfigurationPlatforms) = postSolution
		{E6813B58-16E0-4439-AD2E-3BD4DC459FEB}.Debug|Any CPU.ActiveCfg = Debug|Any CPU
		{E6813B58-16E0-4439-AD2E-3BD4DC459FEB}.Debug|Any CPU.Build.0 = Debug|Any CPU
		{E6813B58-16E0-4439-AD2E-3BD4DC459FEB}.Release|Any CPU.ActiveCfg = Release|Any CPU
		{E6813B58-16E0-4439-AD2E-3BD4DC459FEB}.Release|Any CPU.Build.0 = Release|Any CPU
		{A703FD67-5C8F-4593-B2C0-8D766C1F32EE}.Debug|Any CPU.ActiveCfg = Debug|Any CPU
		{A703FD67-5C8F-4593-B2C0-8D766C1F32EE}.Debug|Any CPU.Build.0 = Debug|Any CPU
		{A703FD67-5C8F-4593-B2C0-8D766C1F32EE}.Release|Any CPU.ActiveCfg = Release|Any CPU
		{A703FD67-5C8F-4593-B2C0-8D766C1F32EE}.Release|Any CPU.Build.0 = Release|Any CPU
	EndGlobalSection
	GlobalSection(SolutionProperties) = preSolution
		HideSolutionNode = FALSE
	EndGlobalSection
	GlobalSection(ExtensibilityGlobals) = postSolution
		SolutionGuid = {549E093F-5C7C-42FE-8B1F-4A7CED025381}
	EndGlobalSection
EndGlobal
